
Microsoft Visual Studio Solution File, Format Version 12.00
# Visual Studio Version 16
VisualStudioVersion = 16.0.30503.244
MinimumVisualStudioVersion = 10.0.40219.1
Project("{FAE04EC0-301F-11D3-BF4B-00C04F79EFBC}") = "OnSalePrue.Common", "OnSalePrue.Common\OnSalePrue.Common.csproj", "{539F056F-84BC-4DBD-949F-1A19D34BF24A}"
EndProject
Project("{FAE04EC0-301F-11D3-BF4B-00C04F79EFBC}") = "OnSalePrue.Web", "OnSalePrue.Web\OnSalePrue.Web.csproj", "{780BFF30-2D82-44F7-990E-63A54694D102}"
EndProject
Global
	GlobalSection(SolutionConfigurationPlatforms) = preSolution
		Debug|Any CPU = Debug|Any CPU
		Release|Any CPU = Release|Any CPU
	EndGlobalSection
	GlobalSection(ProjectConfigurationPlatforms) = postSolution
		{539F056F-84BC-4DBD-949F-1A19D34BF24A}.Debug|Any CPU.ActiveCfg = Debug|Any CPU
		{539F056F-84BC-4DBD-949F-1A19D34BF24A}.Debug|Any CPU.Build.0 = Debug|Any CPU
		{539F056F-84BC-4DBD-949F-1A19D34BF24A}.Release|Any CPU.ActiveCfg = Release|Any CPU
		{539F056F-84BC-4DBD-949F-1A19D34BF24A}.Release|Any CPU.Build.0 = Release|Any CPU
		{780BFF30-2D82-44F7-990E-63A54694D102}.Debug|Any CPU.ActiveCfg = Debug|Any CPU
		{780BFF30-2D82-44F7-990E-63A54694D102}.Debug|Any CPU.Build.0 = Debug|Any CPU
		{780BFF30-2D82-44F7-990E-63A54694D102}.Release|Any CPU.ActiveCfg = Release|Any CPU
		{780BFF30-2D82-44F7-990E-63A54694D102}.Release|Any CPU.Build.0 = Release|Any CPU
	EndGlobalSection
	GlobalSection(SolutionProperties) = preSolution
		HideSolutionNode = FALSE
	EndGlobalSection
	GlobalSection(ExtensibilityGlobals) = postSolution
		SolutionGuid = {442E924D-73B2-493B-946A-594A54932EC8}
	EndGlobalSection
EndGlobal
